
Microsoft Visual Studio Solution File, Format Version 12.00
# Visual Studio 15
VisualStudioVersion = 15.0.26124.0
MinimumVisualStudioVersion = 15.0.26124.0
Project("{FAE04EC0-301F-11D3-BF4B-00C04F79EFBC}") = "DutchAndBold.MoneybirdSdk.Extensions.Microsoft.DependencyInjection", "src\DutchAndBold.MoneybirdSdk.Extensions.Microsoft.DependencyInjection\DutchAndBold.MoneybirdSdk.Extensions.Microsoft.DependencyInjection.csproj", "{BFF175D1-B203-4F77-BB04-B8E3F17B8CA2}"
EndProject
Project("{FAE04EC0-301F-11D3-BF4B-00C04F79EFBC}") = "DutchAndBold.MoneybirdSdk", "src\DutchAndBold.MoneybirdSdk\DutchAndBold.MoneybirdSdk.csproj", "{09EAD4F5-98EB-446E-A7F4-2127F9CB8AD2}"
EndProject
Project("{FAE04EC0-301F-11D3-BF4B-00C04F79EFBC}") = "DutchAndBold.MoneybirdSdk.Domain", "src\DutchAndBold.MoneybirdSdk.Domain\DutchAndBold.MoneybirdSdk.Domain.csproj", "{0D9AF686-BA25-43FE-B15E-1DE871D7DCF7}"
EndProject
Project("{FAE04EC0-301F-11D3-BF4B-00C04F79EFBC}") = "DutchAndBold.MoneybirdSdk.Tests", "test\DutchAndBold.MoneybirdSdk.Tests\DutchAndBold.MoneybirdSdk.Tests.csproj", "{91E97B18-2533-4AAD-8DB2-1AED38A1672F}"
EndProject
Project("{2150E333-8FDC-42A3-9474-1A3956D46DE8}") = "Tests", "Tests", "{D71EE6F6-1519-4F07-954E-5C501CF2A10C}"
EndProject
Project("{FAE04EC0-301F-11D3-BF4B-00C04F79EFBC}") = "DutchAndBold.MoneybirdSdk.Extensions.Microsoft.DependencyInjection.Tests", "test\DutchAndBold.MoneybirdSdk.Extensions.Microsoft.DependencyInjection.Tests\DutchAndBold.MoneybirdSdk.Extensions.Microsoft.DependencyInjection.Tests.csproj", "{8389A8DD-E66E-4289-8ABD-791D963CC5EA}"
EndProject
Project("{FAE04EC0-301F-11D3-BF4B-00C04F79EFBC}") = "DutchAndBold.MoneybirdSdk.AccessTokenStore.File", "src\DutchAndBold.MoneybirdSdk.AccessTokenStore.File\DutchAndBold.MoneybirdSdk.AccessTokenStore.File.csproj", "{97930944-6143-41C2-8C56-8C8EB240400C}"
EndProject
Project("{FAE04EC0-301F-11D3-BF4B-00C04F79EFBC}") = "DutchAndBold.MoneybirdSdk.AccessTokenStore.Tests", "test\DutchAndBold.MoneybirdSdk.AccessTokenStore.Tests\DutchAndBold.MoneybirdSdk.AccessTokenStore.Tests.csproj", "{1FFE166C-7BEF-41C2-A50D-E10E585A6661}"
EndProject
Project("{FAE04EC0-301F-11D3-BF4B-00C04F79EFBC}") = "DutchAndBold.MoneybirdSdk.Domain.Tests", "test\DutchAndBold.MoneybirdSdk.Domain.Tests\DutchAndBold.MoneybirdSdk.Domain.Tests.csproj", "{B6914FA4-D1A6-4C32-B995-1A45D543C21B}"
EndProject
Global
	GlobalSection(SolutionConfigurationPlatforms) = preSolution
		Debug|Any CPU = Debug|Any CPU
		Debug|x64 = Debug|x64
		Debug|x86 = Debug|x86
		Release|Any CPU = Release|Any CPU
		Release|x64 = Release|x64
		Release|x86 = Release|x86
	EndGlobalSection
	GlobalSection(SolutionProperties) = preSolution
		HideSolutionNode = FALSE
	EndGlobalSection
	GlobalSection(ProjectConfigurationPlatforms) = postSolution
		{BFF175D1-B203-4F77-BB04-B8E3F17B8CA2}.Debug|Any CPU.ActiveCfg = Debug|Any CPU
		{BFF175D1-B203-4F77-BB04-B8E3F17B8CA2}.Debug|Any CPU.Build.0 = Debug|Any CPU
		{BFF175D1-B203-4F77-BB04-B8E3F17B8CA2}.Debug|x64.ActiveCfg = Debug|Any CPU
		{BFF175D1-B203-4F77-BB04-B8E3F17B8CA2}.Debug|x64.Build.0 = Debug|Any CPU
		{BFF175D1-B203-4F77-BB04-B8E3F17B8CA2}.Debug|x86.ActiveCfg = Debug|Any CPU
		{BFF175D1-B203-4F77-BB04-B8E3F17B8CA2}.Debug|x86.Build.0 = Debug|Any CPU
		{BFF175D1-B203-4F77-BB04-B8E3F17B8CA2}.Release|Any CPU.ActiveCfg = Release|Any CPU
		{BFF175D1-B203-4F77-BB04-B8E3F17B8CA2}.Release|Any CPU.Build.0 = Release|Any CPU
		{BFF175D1-B203-4F77-BB04-B8E3F17B8CA2}.Release|x64.ActiveCfg = Release|Any CPU
		{BFF175D1-B203-4F77-BB04-B8E3F17B8CA2}.Release|x64.Build.0 = Release|Any CPU
		{BFF175D1-B203-4F77-BB04-B8E3F17B8CA2}.Release|x86.ActiveCfg = Release|Any CPU
		{BFF175D1-B203-4F77-BB04-B8E3F17B8CA2}.Release|x86.Build.0 = Release|Any CPU
		{09EAD4F5-98EB-446E-A7F4-2127F9CB8AD2}.Debug|Any CPU.ActiveCfg = Debug|Any CPU
		{09EAD4F5-98EB-446E-A7F4-2127F9CB8AD2}.Debug|Any CPU.Build.0 = Debug|Any CPU
		{09EAD4F5-98EB-446E-A7F4-2127F9CB8AD2}.Debug|x64.ActiveCfg = Debug|Any CPU
		{09EAD4F5-98EB-446E-A7F4-2127F9CB8AD2}.Debug|x64.Build.0 = Debug|Any CPU
		{09EAD4F5-98EB-446E-A7F4-2127F9CB8AD2}.Debug|x86.ActiveCfg = Debug|Any CPU
		{09EAD4F5-98EB-446E-A7F4-2127F9CB8AD2}.Debug|x86.Build.0 = Debug|Any CPU
		{09EAD4F5-98EB-446E-A7F4-2127F9CB8AD2}.Release|Any CPU.ActiveCfg = Release|Any CPU
		{09EAD4F5-98EB-446E-A7F4-2127F9CB8AD2}.Release|Any CPU.Build.0 = Release|Any CPU
		{09EAD4F5-98EB-446E-A7F4-2127F9CB8AD2}.Release|x64.ActiveCfg = Release|Any CPU
		{09EAD4F5-98EB-446E-A7F4-2127F9CB8AD2}.Release|x64.Build.0 = Release|Any CPU
		{09EAD4F5-98EB-446E-A7F4-2127F9CB8AD2}.Release|x86.ActiveCfg = Release|Any CPU
		{09EAD4F5-98EB-446E-A7F4-2127F9CB8AD2}.Release|x86.Build.0 = Release|Any CPU
		{0D9AF686-BA25-43FE-B15E-1DE871D7DCF7}.Debug|Any CPU.ActiveCfg = Debug|Any CPU
		{0D9AF686-BA25-43FE-B15E-1DE871D7DCF7}.Debug|Any CPU.Build.0 = Debug|Any CPU
		{0D9AF686-BA25-43FE-B15E-1DE871D7DCF7}.Debug|x64.ActiveCfg = Debug|Any CPU
		{0D9AF686-BA25-43FE-B15E-1DE871D7DCF7}.Debug|x64.Build.0 = Debug|Any CPU
		{0D9AF686-BA25-43FE-B15E-1DE871D7DCF7}.Debug|x86.ActiveCfg = Debug|Any CPU
		{0D9AF686-BA25-43FE-B15E-1DE871D7DCF7}.Debug|x86.Build.0 = Debug|Any CPU
		{0D9AF686-BA25-43FE-B15E-1DE871D7DCF7}.Release|Any CPU.ActiveCfg = Release|Any CPU
		{0D9AF686-BA25-43FE-B15E-1DE871D7DCF7}.Release|Any CPU.Build.0 = Release|Any CPU
		{0D9AF686-BA25-43FE-B15E-1DE871D7DCF7}.Release|x64.ActiveCfg = Release|Any CPU
		{0D9AF686-BA25-43FE-B15E-1DE871D7DCF7}.Release|x64.Build.0 = Release|Any CPU
		{0D9AF686-BA25-43FE-B15E-1DE871D7DCF7}.Release|x86.ActiveCfg = Release|Any CPU
		{0D9AF686-BA25-43FE-B15E-1DE871D7DCF7}.Release|x86.Build.0 = Release|Any CPU
		{91E97B18-2533-4AAD-8DB2-1AED38A1672F}.Debug|Any CPU.ActiveCfg = Debug|Any CPU
		{91E97B18-2533-4AAD-8DB2-1AED38A1672F}.Debug|Any CPU.Build.0 = Debug|Any CPU
		{91E97B18-2533-4AAD-8DB2-1AED38A1672F}.Debug|x64.ActiveCfg = Debug|Any CPU
		{91E97B18-2533-4AAD-8DB2-1AED38A1672F}.Debug|x64.Build.0 = Debug|Any CPU
		{91E97B18-2533-4AAD-8DB2-1AED38A1672F}.Debug|x86.ActiveCfg = Debug|Any CPU
		{91E97B18-2533-4AAD-8DB2-1AED38A1672F}.Debug|x86.Build.0 = Debug|Any CPU
		{91E97B18-2533-4AAD-8DB2-1AED38A1672F}.Release|Any CPU.ActiveCfg = Release|Any CPU
		{91E97B18-2533-4AAD-8DB2-1AED38A1672F}.Release|Any CPU.Build.0 = Release|Any CPU
		{91E97B18-2533-4AAD-8DB2-1AED38A1672F}.Release|x64.ActiveCfg = Release|Any CPU
		{91E97B18-2533-4AAD-8DB2-1AED38A1672F}.Release|x64.Build.0 = Release|Any CPU
		{91E97B18-2533-4AAD-8DB2-1AED38A1672F}.Release|x86.ActiveCfg = Release|Any CPU
		{91E97B18-2533-4AAD-8DB2-1AED38A1672F}.Release|x86.Build.0 = Release|Any CPU
		{8389A8DD-E66E-4289-8ABD-791D963CC5EA}.Debug|Any CPU.ActiveCfg = Debug|Any CPU
		{8389A8DD-E66E-4289-8ABD-791D963CC5EA}.Debug|Any CPU.Build.0 = Debug|Any CPU
		{8389A8DD-E66E-4289-8ABD-791D963CC5EA}.Debug|x64.ActiveCfg = Debug|Any CPU
		{8389A8DD-E66E-4289-8ABD-791D963CC5EA}.Debug|x64.Build.0 = Debug|Any CPU
		{8389A8DD-E66E-4289-8ABD-791D963CC5EA}.Debug|x86.ActiveCfg = Debug|Any CPU
		{8389A8DD-E66E-4289-8ABD-791D963CC5EA}.Debug|x86.Build.0 = Debug|Any CPU
		{8389A8DD-E66E-4289-8ABD-791D963CC5EA}.Release|Any CPU.ActiveCfg = Release|Any CPU
		{8389A8DD-E66E-4289-8ABD-791D963CC5EA}.Release|Any CPU.Build.0 = Release|Any CPU
		{8389A8DD-E66E-4289-8ABD-791D963CC5EA}.Release|x64.ActiveCfg = Release|Any CPU
		{8389A8DD-E66E-4289-8ABD-791D963CC5EA}.Release|x64.Build.0 = Release|Any CPU
		{8389A8DD-E66E-4289-8ABD-791D963CC5EA}.Release|x86.ActiveCfg = Release|Any CPU
		{8389A8DD-E66E-4289-8ABD-791D963CC5EA}.Release|x86.Build.0 = Release|Any CPU
		{97930944-6143-41C2-8C56-8C8EB240400C}.Debug|Any CPU.ActiveCfg = Debug|Any CPU
		{97930944-6143-41C2-8C56-8C8EB240400C}.Debug|Any CPU.Build.0 = Debug|Any CPU
		{97930944-6143-41C2-8C56-8C8EB240400C}.Debug|x64.ActiveCfg = Debug|Any CPU
		{97930944-6143-41C2-8C56-8C8EB240400C}.Debug|x64.Build.0 = Debug|Any CPU
		{97930944-6143-41C2-8C56-8C8EB240400C}.Debug|x86.ActiveCfg = Debug|Any CPU
		{97930944-6143-41C2-8C56-8C8EB240400C}.Debug|x86.Build.0 = Debug|Any CPU
		{97930944-6143-41C2-8C56-8C8EB240400C}.Release|Any CPU.ActiveCfg = Release|Any CPU
		{97930944-6143-41C2-8C56-8C8EB240400C}.Release|Any CPU.Build.0 = Release|Any CPU
		{97930944-6143-41C2-8C56-8C8EB240400C}.Release|x64.ActiveCfg = Release|Any CPU
		{97930944-6143-41C2-8C56-8C8EB240400C}.Release|x64.Build.0 = Release|Any CPU
		{97930944-6143-41C2-8C56-8C8EB240400C}.Release|x86.ActiveCfg = Release|Any CPU
		{97930944-6143-41C2-8C56-8C8EB240400C}.Release|x86.Build.0 = Release|Any CPU
		{1FFE166C-7BEF-41C2-A50D-E10E585A6661}.Debug|Any CPU.ActiveCfg = Debug|Any CPU
		{1FFE166C-7BEF-41C2-A50D-E10E585A6661}.Debug|Any CPU.Build.0 = Debug|Any CPU
		{1FFE166C-7BEF-41C2-A50D-E10E585A6661}.Debug|x64.ActiveCfg = Debug|Any CPU
		{1FFE166C-7BEF-41C2-A50D-E10E585A6661}.Debug|x64.Build.0 = Debug|Any CPU
		{1FFE166C-7BEF-41C2-A50D-E10E585A6661}.Debug|x86.ActiveCfg = Debug|Any CPU
		{1FFE166C-7BEF-41C2-A50D-E10E585A6661}.Debug|x86.Build.0 = Debug|Any CPU
		{1FFE166C-7BEF-41C2-A50D-E10E585A6661}.Release|Any CPU.ActiveCfg = Release|Any CPU
		{1FFE166C-7BEF-41C2-A50D-E10E585A6661}.Release|Any CPU.Build.0 = Release|Any CPU
		{1FFE166C-7BEF-41C2-A50D-E10E585A6661}.Release|x64.ActiveCfg = Release|Any CPU
		{1FFE166C-7BEF-41C2-A50D-E10E585A6661}.Release|x64.Build.0 = Release|Any CPU
		{1FFE166C-7BEF-41C2-A50D-E10E585A6661}.Release|x86.ActiveCfg = Release|Any CPU
		{1FFE166C-7BEF-41C2-A50D-E10E585A6661}.Release|x86.Build.0 = Release|Any CPU
		{B6914FA4-D1A6-4C32-B995-1A45D543C21B}.Debug|Any CPU.ActiveCfg = Debug|Any CPU
		{B6914FA4-D1A6-4C32-B995-1A45D543C21B}.Debug|Any CPU.Build.0 = Debug|Any CPU
		{B6914FA4-D1A6-4C32-B995-1A45D543C21B}.Debug|x64.ActiveCfg = Debug|Any CPU
		{B6914FA4-D1A6-4C32-B995-1A45D543C21B}.Debug|x64.Build.0 = Debug|Any CPU
		{B6914FA4-D1A6-4C32-B995-1A45D543C21B}.Debug|x86.ActiveCfg = Debug|Any CPU
		{B6914FA4-D1A6-4C32-B995-1A45D543C21B}.Debug|x86.Build.0 = Debug|Any CPU
		{B6914FA4-D1A6-4C32-B995-1A45D543C21B}.Release|Any CPU.ActiveCfg = Release|Any CPU
		{B6914FA4-D1A6-4C32-B995-1A45D543C21B}.Release|Any CPU.Build.0 = Release|Any CPU
		{B6914FA4-D1A6-4C32-B995-1A45D543C21B}.Release|x64.ActiveCfg = Release|Any CPU
		{B6914FA4-D1A6-4C32-B995-1A45D543C21B}.Release|x64.Build.0 = Release|Any CPU
		{B6914FA4-D1A6-4C32-B995-1A45D543C21B}.Release|x86.ActiveCfg = Release|Any CPU
		{B6914FA4-D1A6-4C32-B995-1A45D543C21B}.Release|x86.Build.0 = Release|Any CPU
	EndGlobalSection
	GlobalSection(NestedProjects) = preSolution
		{91E97B18-2533-4AAD-8DB2-1AED38A1672F} = {D71EE6F6-1519-4F07-954E-5C501CF2A10C}
		{8389A8DD-E66E-4289-8ABD-791D963CC5EA} = {D71EE6F6-1519-4F07-954E-5C501CF2A10C}
		{1FFE166C-7BEF-41C2-A50D-E10E585A6661} = {D71EE6F6-1519-4F07-954E-5C501CF2A10C}
		{B6914FA4-D1A6-4C32-B995-1A45D543C21B} = {D71EE6F6-1519-4F07-954E-5C501CF2A10C}
	EndGlobalSection
EndGlobal
