
Microsoft Visual Studio Solution File, Format Version 12.00
# Visual Studio 15
VisualStudioVersion = 15.0.26124.0
MinimumVisualStudioVersion = 15.0.26124.0
Project("{FAE04EC0-301F-11D3-BF4B-00C04F79EFBC}") = "MoneybirdSdk.Extensions.Microsoft.DependencyInjection", "src\MoneybirdSdk.Extensions.Microsoft.DependencyInjection\MoneybirdSdk.Extensions.Microsoft.DependencyInjection.csproj", "{BFF175D1-B203-4F77-BB04-B8E3F17B8CA2}"
EndProject
Project("{FAE04EC0-301F-11D3-BF4B-00C04F79EFBC}") = "MoneybirdSdk.Client", "src\MoneybirdSdk.Client\MoneybirdSdk.Client.csproj", "{09EAD4F5-98EB-446E-A7F4-2127F9CB8AD2}"
EndProject
Project("{FAE04EC0-301F-11D3-BF4B-00C04F79EFBC}") = "MoneybirdSdk.Domain", "src\MoneybirdSdk.Domain\MoneybirdSdk.Domain.csproj", "{0D9AF686-BA25-43FE-B15E-1DE871D7DCF7}"
EndProject
Global
	GlobalSection(SolutionConfigurationPlatforms) = preSolution
		Debug|Any CPU = Debug|Any CPU
		Debug|x64 = Debug|x64
		Debug|x86 = Debug|x86
		Release|Any CPU = Release|Any CPU
		Release|x64 = Release|x64
		Release|x86 = Release|x86
	EndGlobalSection
	GlobalSection(SolutionProperties) = preSolution
		HideSolutionNode = FALSE
	EndGlobalSection
	GlobalSection(ProjectConfigurationPlatforms) = postSolution
		{BFF175D1-B203-4F77-BB04-B8E3F17B8CA2}.Debug|Any CPU.ActiveCfg = Debug|Any CPU
		{BFF175D1-B203-4F77-BB04-B8E3F17B8CA2}.Debug|Any CPU.Build.0 = Debug|Any CPU
		{BFF175D1-B203-4F77-BB04-B8E3F17B8CA2}.Debug|x64.ActiveCfg = Debug|Any CPU
		{BFF175D1-B203-4F77-BB04-B8E3F17B8CA2}.Debug|x64.Build.0 = Debug|Any CPU
		{BFF175D1-B203-4F77-BB04-B8E3F17B8CA2}.Debug|x86.ActiveCfg = Debug|Any CPU
		{BFF175D1-B203-4F77-BB04-B8E3F17B8CA2}.Debug|x86.Build.0 = Debug|Any CPU
		{BFF175D1-B203-4F77-BB04-B8E3F17B8CA2}.Release|Any CPU.ActiveCfg = Release|Any CPU
		{BFF175D1-B203-4F77-BB04-B8E3F17B8CA2}.Release|Any CPU.Build.0 = Release|Any CPU
		{BFF175D1-B203-4F77-BB04-B8E3F17B8CA2}.Release|x64.ActiveCfg = Release|Any CPU
		{BFF175D1-B203-4F77-BB04-B8E3F17B8CA2}.Release|x64.Build.0 = Release|Any CPU
		{BFF175D1-B203-4F77-BB04-B8E3F17B8CA2}.Release|x86.ActiveCfg = Release|Any CPU
		{BFF175D1-B203-4F77-BB04-B8E3F17B8CA2}.Release|x86.Build.0 = Release|Any CPU
		{09EAD4F5-98EB-446E-A7F4-2127F9CB8AD2}.Debug|Any CPU.ActiveCfg = Debug|Any CPU
		{09EAD4F5-98EB-446E-A7F4-2127F9CB8AD2}.Debug|Any CPU.Build.0 = Debug|Any CPU
		{09EAD4F5-98EB-446E-A7F4-2127F9CB8AD2}.Debug|x64.ActiveCfg = Debug|Any CPU
		{09EAD4F5-98EB-446E-A7F4-2127F9CB8AD2}.Debug|x64.Build.0 = Debug|Any CPU
		{09EAD4F5-98EB-446E-A7F4-2127F9CB8AD2}.Debug|x86.ActiveCfg = Debug|Any CPU
		{09EAD4F5-98EB-446E-A7F4-2127F9CB8AD2}.Debug|x86.Build.0 = Debug|Any CPU
		{09EAD4F5-98EB-446E-A7F4-2127F9CB8AD2}.Release|Any CPU.ActiveCfg = Release|Any CPU
		{09EAD4F5-98EB-446E-A7F4-2127F9CB8AD2}.Release|Any CPU.Build.0 = Release|Any CPU
		{09EAD4F5-98EB-446E-A7F4-2127F9CB8AD2}.Release|x64.ActiveCfg = Release|Any CPU
		{09EAD4F5-98EB-446E-A7F4-2127F9CB8AD2}.Release|x64.Build.0 = Release|Any CPU
		{09EAD4F5-98EB-446E-A7F4-2127F9CB8AD2}.Release|x86.ActiveCfg = Release|Any CPU
		{09EAD4F5-98EB-446E-A7F4-2127F9CB8AD2}.Release|x86.Build.0 = Release|Any CPU
		{0D9AF686-BA25-43FE-B15E-1DE871D7DCF7}.Debug|Any CPU.ActiveCfg = Debug|Any CPU
		{0D9AF686-BA25-43FE-B15E-1DE871D7DCF7}.Debug|Any CPU.Build.0 = Debug|Any CPU
		{0D9AF686-BA25-43FE-B15E-1DE871D7DCF7}.Debug|x64.ActiveCfg = Debug|Any CPU
		{0D9AF686-BA25-43FE-B15E-1DE871D7DCF7}.Debug|x64.Build.0 = Debug|Any CPU
		{0D9AF686-BA25-43FE-B15E-1DE871D7DCF7}.Debug|x86.ActiveCfg = Debug|Any CPU
		{0D9AF686-BA25-43FE-B15E-1DE871D7DCF7}.Debug|x86.Build.0 = Debug|Any CPU
		{0D9AF686-BA25-43FE-B15E-1DE871D7DCF7}.Release|Any CPU.ActiveCfg = Release|Any CPU
		{0D9AF686-BA25-43FE-B15E-1DE871D7DCF7}.Release|Any CPU.Build.0 = Release|Any CPU
		{0D9AF686-BA25-43FE-B15E-1DE871D7DCF7}.Release|x64.ActiveCfg = Release|Any CPU
		{0D9AF686-BA25-43FE-B15E-1DE871D7DCF7}.Release|x64.Build.0 = Release|Any CPU
		{0D9AF686-BA25-43FE-B15E-1DE871D7DCF7}.Release|x86.ActiveCfg = Release|Any CPU
		{0D9AF686-BA25-43FE-B15E-1DE871D7DCF7}.Release|x86.Build.0 = Release|Any CPU
	EndGlobalSection
EndGlobal
